// !$*UTF8*$!
{
	archiveVersion = 1;
	classes = {
	};
	objectVersion = 56;
	objects = {

/* Begin PBXBuildFile section */
		B4599C422A9947CF00BEF51F /* FlashcardCarousel.swift in Sources */ = {isa = PBXBuildFile; fileRef = B4599C412A9947CF00BEF51F /* FlashcardCarousel.swift */; };
		B49EB9992A8BEE2900D94D6E /* FlashcardColor.swift in Sources */ = {isa = PBXBuildFile; fileRef = B49EB9982A8BEE2900D94D6E /* FlashcardColor.swift */; };
		B49EB99B2A8BEFF300D94D6E /* PreviewSampleData.swift in Sources */ = {isa = PBXBuildFile; fileRef = B49EB99A2A8BEFF300D94D6E /* PreviewSampleData.swift */; };
		B49EB99D2A8BF00F00D94D6E /* SampleDeck.swift in Sources */ = {isa = PBXBuildFile; fileRef = B49EB99C2A8BF00F00D94D6E /* SampleDeck.swift */; };
		B4A257C82A8C293600D2C995 /* FlashcardView.swift in Sources */ = {isa = PBXBuildFile; fileRef = B4A257C72A8C293600D2C995 /* FlashcardView.swift */; };
		B4A257CA2A8C452900D2C995 /* AddDeckFormView.swift in Sources */ = {isa = PBXBuildFile; fileRef = B4A257C92A8C452900D2C995 /* AddDeckFormView.swift */; };
		B4A257CC2A8D0A6300D2C995 /* DeckGalleryView.swift in Sources */ = {isa = PBXBuildFile; fileRef = B4A257CB2A8D0A6300D2C995 /* DeckGalleryView.swift */; };
		B4A257CE2A8D1C6D00D2C995 /* FlashcardSide.swift in Sources */ = {isa = PBXBuildFile; fileRef = B4A257CD2A8D1C6D00D2C995 /* FlashcardSide.swift */; };
		B4A257D12A8D3B1D00D2C995 /* CardContainer.swift in Sources */ = {isa = PBXBuildFile; fileRef = B4A257D02A8D3B1D00D2C995 /* CardContainer.swift */; };
		B4A257D32A8D40AB00D2C995 /* CardGalleryItem.swift in Sources */ = {isa = PBXBuildFile; fileRef = B4A257D22A8D40AB00D2C995 /* CardGalleryItem.swift */; };
		B4A257D92A8FDAC400D2C995 /* String.swift in Sources */ = {isa = PBXBuildFile; fileRef = B4A257D82A8FDAC400D2C995 /* String.swift */; };
		B4A257DB2A9274A400D2C995 /* Array.swift in Sources */ = {isa = PBXBuildFile; fileRef = B4A257DA2A9274A400D2C995 /* Array.swift */; };
		B4E3C3D52A996E03006E9E75 /* Router.swift in Sources */ = {isa = PBXBuildFile; fileRef = B4E3C3D42A996E03006E9E75 /* Router.swift */; };
		B4E3C3D72A9FB99B006E9E75 /* View.swift in Sources */ = {isa = PBXBuildFile; fileRef = B4E3C3D62A9FB99B006E9E75 /* View.swift */; };
		B4E3C3DB2AAA705B006E9E75 /* CategoriesScreen.swift in Sources */ = {isa = PBXBuildFile; fileRef = B4E3C3DA2AAA705B006E9E75 /* CategoriesScreen.swift */; };
		B4E680332A899CBC008B1EAF /* FlashcardsApp.swift in Sources */ = {isa = PBXBuildFile; fileRef = B4E680322A899CBC008B1EAF /* FlashcardsApp.swift */; };
		B4E680352A899CBC008B1EAF /* HomeView.swift in Sources */ = {isa = PBXBuildFile; fileRef = B4E680342A899CBC008B1EAF /* HomeView.swift */; };
		B4E680372A899CBD008B1EAF /* Assets.xcassets in Resources */ = {isa = PBXBuildFile; fileRef = B4E680362A899CBD008B1EAF /* Assets.xcassets */; };
		B4E6803A2A899CBD008B1EAF /* Preview Assets.xcassets in Resources */ = {isa = PBXBuildFile; fileRef = B4E680392A899CBD008B1EAF /* Preview Assets.xcassets */; };
		B4E6803C2A899CBD008B1EAF /* FlashcardModels.swift in Sources */ = {isa = PBXBuildFile; fileRef = B4E6803B2A899CBD008B1EAF /* FlashcardModels.swift */; };
		B4E680462A899CBD008B1EAF /* FlashcardsTests.swift in Sources */ = {isa = PBXBuildFile; fileRef = B4E680452A899CBD008B1EAF /* FlashcardsTests.swift */; };
		B4E680502A899CBD008B1EAF /* FlashcardsUITests.swift in Sources */ = {isa = PBXBuildFile; fileRef = B4E6804F2A899CBD008B1EAF /* FlashcardsUITests.swift */; };
		B4E680522A899CBD008B1EAF /* FlashcardsUITestsLaunchTests.swift in Sources */ = {isa = PBXBuildFile; fileRef = B4E680512A899CBD008B1EAF /* FlashcardsUITestsLaunchTests.swift */; };
		B4E6805F2A8A8411008B1EAF /* Localizable.xcstrings in Resources */ = {isa = PBXBuildFile; fileRef = B4E6805E2A8A8411008B1EAF /* Localizable.xcstrings */; };
		B4E680612A8A891F008B1EAF /* FlashcardEditorView.swift in Sources */ = {isa = PBXBuildFile; fileRef = B4E680602A8A891F008B1EAF /* FlashcardEditorView.swift */; };
		B4E680652A8ADB8B008B1EAF /* EditableFlashcard.swift in Sources */ = {isa = PBXBuildFile; fileRef = B4E680642A8ADB8B008B1EAF /* EditableFlashcard.swift */; };
		B4E680672A8ADCB7008B1EAF /* AddCategoryFormView.swift in Sources */ = {isa = PBXBuildFile; fileRef = B4E680662A8ADCB7008B1EAF /* AddCategoryFormView.swift */; };
/* End PBXBuildFile section */

/* Begin PBXContainerItemProxy section */
		B4E680422A899CBD008B1EAF /* PBXContainerItemProxy */ = {
			isa = PBXContainerItemProxy;
			containerPortal = B4E680272A899CBC008B1EAF /* Project object */;
			proxyType = 1;
			remoteGlobalIDString = B4E6802E2A899CBC008B1EAF;
			remoteInfo = Flashcards;
		};
		B4E6804C2A899CBD008B1EAF /* PBXContainerItemProxy */ = {
			isa = PBXContainerItemProxy;
			containerPortal = B4E680272A899CBC008B1EAF /* Project object */;
			proxyType = 1;
			remoteGlobalIDString = B4E6802E2A899CBC008B1EAF;
			remoteInfo = Flashcards;
		};
/* End PBXContainerItemProxy section */

/* Begin PBXFileReference section */
		B4599C412A9947CF00BEF51F /* FlashcardCarousel.swift */ = {isa = PBXFileReference; lastKnownFileType = sourcecode.swift; path = FlashcardCarousel.swift; sourceTree = "<group>"; };
		B49EB9982A8BEE2900D94D6E /* FlashcardColor.swift */ = {isa = PBXFileReference; lastKnownFileType = sourcecode.swift; path = FlashcardColor.swift; sourceTree = "<group>"; };
		B49EB99A2A8BEFF300D94D6E /* PreviewSampleData.swift */ = {isa = PBXFileReference; lastKnownFileType = sourcecode.swift; path = PreviewSampleData.swift; sourceTree = "<group>"; };
		B49EB99C2A8BF00F00D94D6E /* SampleDeck.swift */ = {isa = PBXFileReference; lastKnownFileType = sourcecode.swift; path = SampleDeck.swift; sourceTree = "<group>"; };
		B4A257C72A8C293600D2C995 /* FlashcardView.swift */ = {isa = PBXFileReference; lastKnownFileType = sourcecode.swift; path = FlashcardView.swift; sourceTree = "<group>"; };
		B4A257C92A8C452900D2C995 /* AddDeckFormView.swift */ = {isa = PBXFileReference; lastKnownFileType = sourcecode.swift; path = AddDeckFormView.swift; sourceTree = "<group>"; };
		B4A257CB2A8D0A6300D2C995 /* DeckGalleryView.swift */ = {isa = PBXFileReference; lastKnownFileType = sourcecode.swift; path = DeckGalleryView.swift; sourceTree = "<group>"; };
		B4A257CD2A8D1C6D00D2C995 /* FlashcardSide.swift */ = {isa = PBXFileReference; lastKnownFileType = sourcecode.swift; path = FlashcardSide.swift; sourceTree = "<group>"; };
		B4A257D02A8D3B1D00D2C995 /* CardContainer.swift */ = {isa = PBXFileReference; lastKnownFileType = sourcecode.swift; path = CardContainer.swift; sourceTree = "<group>"; };
		B4A257D22A8D40AB00D2C995 /* CardGalleryItem.swift */ = {isa = PBXFileReference; lastKnownFileType = sourcecode.swift; path = CardGalleryItem.swift; sourceTree = "<group>"; };
		B4A257D82A8FDAC400D2C995 /* String.swift */ = {isa = PBXFileReference; lastKnownFileType = sourcecode.swift; path = String.swift; sourceTree = "<group>"; };
		B4A257DA2A9274A400D2C995 /* Array.swift */ = {isa = PBXFileReference; lastKnownFileType = sourcecode.swift; path = Array.swift; sourceTree = "<group>"; };
		B4E3C3D42A996E03006E9E75 /* Router.swift */ = {isa = PBXFileReference; lastKnownFileType = sourcecode.swift; path = Router.swift; sourceTree = "<group>"; };
		B4E3C3D62A9FB99B006E9E75 /* View.swift */ = {isa = PBXFileReference; lastKnownFileType = sourcecode.swift; path = View.swift; sourceTree = "<group>"; };
		B4E3C3DA2AAA705B006E9E75 /* CategoriesScreen.swift */ = {isa = PBXFileReference; lastKnownFileType = sourcecode.swift; path = CategoriesScreen.swift; sourceTree = "<group>"; };
		B4E6802F2A899CBC008B1EAF /* Flashcards.app */ = {isa = PBXFileReference; explicitFileType = wrapper.application; includeInIndex = 0; path = Flashcards.app; sourceTree = BUILT_PRODUCTS_DIR; };
		B4E680322A899CBC008B1EAF /* FlashcardsApp.swift */ = {isa = PBXFileReference; lastKnownFileType = sourcecode.swift; path = FlashcardsApp.swift; sourceTree = "<group>"; };
		B4E680342A899CBC008B1EAF /* HomeView.swift */ = {isa = PBXFileReference; lastKnownFileType = sourcecode.swift; path = HomeView.swift; sourceTree = "<group>"; };
		B4E680362A899CBD008B1EAF /* Assets.xcassets */ = {isa = PBXFileReference; lastKnownFileType = folder.assetcatalog; path = Assets.xcassets; sourceTree = "<group>"; };
		B4E680392A899CBD008B1EAF /* Preview Assets.xcassets */ = {isa = PBXFileReference; lastKnownFileType = folder.assetcatalog; path = "Preview Assets.xcassets"; sourceTree = "<group>"; };
		B4E6803B2A899CBD008B1EAF /* FlashcardModels.swift */ = {isa = PBXFileReference; lastKnownFileType = sourcecode.swift; path = FlashcardModels.swift; sourceTree = "<group>"; };
		B4E680412A899CBD008B1EAF /* FlashcardsTests.xctest */ = {isa = PBXFileReference; explicitFileType = wrapper.cfbundle; includeInIndex = 0; path = FlashcardsTests.xctest; sourceTree = BUILT_PRODUCTS_DIR; };
		B4E680452A899CBD008B1EAF /* FlashcardsTests.swift */ = {isa = PBXFileReference; lastKnownFileType = sourcecode.swift; path = FlashcardsTests.swift; sourceTree = "<group>"; };
		B4E6804B2A899CBD008B1EAF /* FlashcardsUITests.xctest */ = {isa = PBXFileReference; explicitFileType = wrapper.cfbundle; includeInIndex = 0; path = FlashcardsUITests.xctest; sourceTree = BUILT_PRODUCTS_DIR; };
		B4E6804F2A899CBD008B1EAF /* FlashcardsUITests.swift */ = {isa = PBXFileReference; lastKnownFileType = sourcecode.swift; path = FlashcardsUITests.swift; sourceTree = "<group>"; };
		B4E680512A899CBD008B1EAF /* FlashcardsUITestsLaunchTests.swift */ = {isa = PBXFileReference; lastKnownFileType = sourcecode.swift; path = FlashcardsUITestsLaunchTests.swift; sourceTree = "<group>"; };
		B4E6805E2A8A8411008B1EAF /* Localizable.xcstrings */ = {isa = PBXFileReference; lastKnownFileType = text.json.xcstrings; path = Localizable.xcstrings; sourceTree = "<group>"; };
		B4E680602A8A891F008B1EAF /* FlashcardEditorView.swift */ = {isa = PBXFileReference; lastKnownFileType = sourcecode.swift; path = FlashcardEditorView.swift; sourceTree = "<group>"; };
		B4E680642A8ADB8B008B1EAF /* EditableFlashcard.swift */ = {isa = PBXFileReference; lastKnownFileType = sourcecode.swift; path = EditableFlashcard.swift; sourceTree = "<group>"; };
		B4E680662A8ADCB7008B1EAF /* AddCategoryFormView.swift */ = {isa = PBXFileReference; lastKnownFileType = sourcecode.swift; path = AddCategoryFormView.swift; sourceTree = "<group>"; };
/* End PBXFileReference section */

/* Begin PBXFrameworksBuildPhase section */
		B4E6802C2A899CBC008B1EAF /* Frameworks */ = {
			isa = PBXFrameworksBuildPhase;
			buildActionMask = 2147483647;
			files = (
			);
			runOnlyForDeploymentPostprocessing = 0;
		};
		B4E6803E2A899CBD008B1EAF /* Frameworks */ = {
			isa = PBXFrameworksBuildPhase;
			buildActionMask = 2147483647;
			files = (
			);
			runOnlyForDeploymentPostprocessing = 0;
		};
		B4E680482A899CBD008B1EAF /* Frameworks */ = {
			isa = PBXFrameworksBuildPhase;
			buildActionMask = 2147483647;
			files = (
			);
			runOnlyForDeploymentPostprocessing = 0;
		};
/* End PBXFrameworksBuildPhase section */

/* Begin PBXGroup section */
		B49EB9972A8BEE1600D94D6E /* Enums */ = {
			isa = PBXGroup;
			children = (
				B49EB9982A8BEE2900D94D6E /* FlashcardColor.swift */,
				B4A257CD2A8D1C6D00D2C995 /* FlashcardSide.swift */,
			);
			path = Enums;
			sourceTree = "<group>";
		};
		B49EB99E2A8BF05C00D94D6E /* Preview */ = {
			isa = PBXGroup;
			children = (
				B49EB99A2A8BEFF300D94D6E /* PreviewSampleData.swift */,
				B49EB99C2A8BF00F00D94D6E /* SampleDeck.swift */,
			);
			path = Preview;
			sourceTree = "<group>";
		};
		B4A257CF2A8D3B0100D2C995 /* Views */ = {
			isa = PBXGroup;
			children = (
				B4A257D02A8D3B1D00D2C995 /* CardContainer.swift */,
			);
			path = Views;
			sourceTree = "<group>";
		};
		B4A257D72A8FDAB800D2C995 /* Extensions */ = {
			isa = PBXGroup;
			children = (
				B4A257D82A8FDAC400D2C995 /* String.swift */,
				B4E3C3D62A9FB99B006E9E75 /* View.swift */,
				B4A257DA2A9274A400D2C995 /* Array.swift */,
			);
			path = Extensions;
			sourceTree = "<group>";
		};
		B4E3C3D32A996DFB006E9E75 /* Core */ = {
			isa = PBXGroup;
			children = (
				B4E3C3D42A996E03006E9E75 /* Router.swift */,
			);
			path = Core;
			sourceTree = "<group>";
		};
		B4E680262A899CBC008B1EAF = {
			isa = PBXGroup;
			children = (
				B4E680312A899CBC008B1EAF /* Flashcards */,
				B4E680442A899CBD008B1EAF /* FlashcardsTests */,
				B4E6804E2A899CBD008B1EAF /* FlashcardsUITests */,
				B4E680302A899CBC008B1EAF /* Products */,
			);
			sourceTree = "<group>";
		};
		B4E680302A899CBC008B1EAF /* Products */ = {
			isa = PBXGroup;
			children = (
				B4E6802F2A899CBC008B1EAF /* Flashcards.app */,
				B4E680412A899CBD008B1EAF /* FlashcardsTests.xctest */,
				B4E6804B2A899CBD008B1EAF /* FlashcardsUITests.xctest */,
			);
			name = Products;
			sourceTree = "<group>";
		};
		B4E680312A899CBC008B1EAF /* Flashcards */ = {
			isa = PBXGroup;
			children = (
				B4E680622A8ADB0A008B1EAF /* Utilities */,
				B4E680322A899CBC008B1EAF /* FlashcardsApp.swift */,
				B4E680342A899CBC008B1EAF /* HomeView.swift */,
				B4A257CB2A8D0A6300D2C995 /* DeckGalleryView.swift */,
				B4599C412A9947CF00BEF51F /* FlashcardCarousel.swift */,
				B4A257D22A8D40AB00D2C995 /* CardGalleryItem.swift */,
				B4E680662A8ADCB7008B1EAF /* AddCategoryFormView.swift */,
				B4A257C92A8C452900D2C995 /* AddDeckFormView.swift */,
				B4E680602A8A891F008B1EAF /* FlashcardEditorView.swift */,
				B4E680642A8ADB8B008B1EAF /* EditableFlashcard.swift */,
				B4A257C72A8C293600D2C995 /* FlashcardView.swift */,
				B4E3C3DA2AAA705B006E9E75 /* CategoriesScreen.swift */,
				B4E680362A899CBD008B1EAF /* Assets.xcassets */,
				B4E680382A899CBD008B1EAF /* Preview Content */,
				B4E6805E2A8A8411008B1EAF /* Localizable.xcstrings */,
			);
			path = Flashcards;
			sourceTree = "<group>";
		};
		B4E680382A899CBD008B1EAF /* Preview Content */ = {
			isa = PBXGroup;
			children = (
				B4E680392A899CBD008B1EAF /* Preview Assets.xcassets */,
			);
			path = "Preview Content";
			sourceTree = "<group>";
		};
		B4E680442A899CBD008B1EAF /* FlashcardsTests */ = {
			isa = PBXGroup;
			children = (
				B4E680452A899CBD008B1EAF /* FlashcardsTests.swift */,
			);
			path = FlashcardsTests;
			sourceTree = "<group>";
		};
		B4E6804E2A899CBD008B1EAF /* FlashcardsUITests */ = {
			isa = PBXGroup;
			children = (
				B4E6804F2A899CBD008B1EAF /* FlashcardsUITests.swift */,
				B4E680512A899CBD008B1EAF /* FlashcardsUITestsLaunchTests.swift */,
			);
			path = FlashcardsUITests;
			sourceTree = "<group>";
		};
		B4E680622A8ADB0A008B1EAF /* Utilities */ = {
			isa = PBXGroup;
			children = (
				B4E3C3D32A996DFB006E9E75 /* Core */,
				B4A257D72A8FDAB800D2C995 /* Extensions */,
				B4A257CF2A8D3B0100D2C995 /* Views */,
				B49EB9972A8BEE1600D94D6E /* Enums */,
				B4E680632A8ADB10008B1EAF /* SwiftData */,
			);
			path = Utilities;
			sourceTree = "<group>";
		};
		B4E680632A8ADB10008B1EAF /* SwiftData */ = {
			isa = PBXGroup;
			children = (
				B49EB99E2A8BF05C00D94D6E /* Preview */,
				B4E6803B2A899CBD008B1EAF /* FlashcardModels.swift */,
			);
			path = SwiftData;
			sourceTree = "<group>";
		};
/* End PBXGroup section */

/* Begin PBXNativeTarget section */
		B4E6802E2A899CBC008B1EAF /* Flashcards */ = {
			isa = PBXNativeTarget;
			buildConfigurationList = B4E680552A899CBD008B1EAF /* Build configuration list for PBXNativeTarget "Flashcards" */;
			buildPhases = (
				B4E6802B2A899CBC008B1EAF /* Sources */,
				B4E6802C2A899CBC008B1EAF /* Frameworks */,
				B4E6802D2A899CBC008B1EAF /* Resources */,
			);
			buildRules = (
			);
			dependencies = (
			);
			name = Flashcards;
			productName = Flashcards;
			productReference = B4E6802F2A899CBC008B1EAF /* Flashcards.app */;
			productType = "com.apple.product-type.application";
		};
		B4E680402A899CBD008B1EAF /* FlashcardsTests */ = {
			isa = PBXNativeTarget;
			buildConfigurationList = B4E680582A899CBD008B1EAF /* Build configuration list for PBXNativeTarget "FlashcardsTests" */;
			buildPhases = (
				B4E6803D2A899CBD008B1EAF /* Sources */,
				B4E6803E2A899CBD008B1EAF /* Frameworks */,
				B4E6803F2A899CBD008B1EAF /* Resources */,
			);
			buildRules = (
			);
			dependencies = (
				B4E680432A899CBD008B1EAF /* PBXTargetDependency */,
			);
			name = FlashcardsTests;
			productName = FlashcardsTests;
			productReference = B4E680412A899CBD008B1EAF /* FlashcardsTests.xctest */;
			productType = "com.apple.product-type.bundle.unit-test";
		};
		B4E6804A2A899CBD008B1EAF /* FlashcardsUITests */ = {
			isa = PBXNativeTarget;
			buildConfigurationList = B4E6805B2A899CBD008B1EAF /* Build configuration list for PBXNativeTarget "FlashcardsUITests" */;
			buildPhases = (
				B4E680472A899CBD008B1EAF /* Sources */,
				B4E680482A899CBD008B1EAF /* Frameworks */,
				B4E680492A899CBD008B1EAF /* Resources */,
			);
			buildRules = (
			);
			dependencies = (
				B4E6804D2A899CBD008B1EAF /* PBXTargetDependency */,
			);
			name = FlashcardsUITests;
			productName = FlashcardsUITests;
			productReference = B4E6804B2A899CBD008B1EAF /* FlashcardsUITests.xctest */;
			productType = "com.apple.product-type.bundle.ui-testing";
		};
/* End PBXNativeTarget section */

/* Begin PBXProject section */
		B4E680272A899CBC008B1EAF /* Project object */ = {
			isa = PBXProject;
			attributes = {
				BuildIndependentTargetsInParallel = 1;
				LastSwiftUpdateCheck = 1500;
				LastUpgradeCheck = 1500;
				TargetAttributes = {
					B4E6802E2A899CBC008B1EAF = {
						CreatedOnToolsVersion = 15.0;
					};
					B4E680402A899CBD008B1EAF = {
						CreatedOnToolsVersion = 15.0;
						TestTargetID = B4E6802E2A899CBC008B1EAF;
					};
					B4E6804A2A899CBD008B1EAF = {
						CreatedOnToolsVersion = 15.0;
						TestTargetID = B4E6802E2A899CBC008B1EAF;
					};
				};
			};
			buildConfigurationList = B4E6802A2A899CBC008B1EAF /* Build configuration list for PBXProject "Flashcards" */;
			compatibilityVersion = "Xcode 14.0";
			developmentRegion = en;
			hasScannedForEncodings = 0;
			knownRegions = (
				en,
				Base,
			);
			mainGroup = B4E680262A899CBC008B1EAF;
			productRefGroup = B4E680302A899CBC008B1EAF /* Products */;
			projectDirPath = "";
			projectRoot = "";
			targets = (
				B4E6802E2A899CBC008B1EAF /* Flashcards */,
				B4E680402A899CBD008B1EAF /* FlashcardsTests */,
				B4E6804A2A899CBD008B1EAF /* FlashcardsUITests */,
			);
		};
/* End PBXProject section */

/* Begin PBXResourcesBuildPhase section */
		B4E6802D2A899CBC008B1EAF /* Resources */ = {
			isa = PBXResourcesBuildPhase;
			buildActionMask = 2147483647;
			files = (
				B4E6803A2A899CBD008B1EAF /* Preview Assets.xcassets in Resources */,
				B4E680372A899CBD008B1EAF /* Assets.xcassets in Resources */,
				B4E6805F2A8A8411008B1EAF /* Localizable.xcstrings in Resources */,
			);
			runOnlyForDeploymentPostprocessing = 0;
		};
		B4E6803F2A899CBD008B1EAF /* Resources */ = {
			isa = PBXResourcesBuildPhase;
			buildActionMask = 2147483647;
			files = (
			);
			runOnlyForDeploymentPostprocessing = 0;
		};
		B4E680492A899CBD008B1EAF /* Resources */ = {
			isa = PBXResourcesBuildPhase;
			buildActionMask = 2147483647;
			files = (
			);
			runOnlyForDeploymentPostprocessing = 0;
		};
/* End PBXResourcesBuildPhase section */

/* Begin PBXSourcesBuildPhase section */
		B4E6802B2A899CBC008B1EAF /* Sources */ = {
			isa = PBXSourcesBuildPhase;
			buildActionMask = 2147483647;
			files = (
				B4A257D32A8D40AB00D2C995 /* CardGalleryItem.swift in Sources */,
				B4A257CC2A8D0A6300D2C995 /* DeckGalleryView.swift in Sources */,
				B49EB99B2A8BEFF300D94D6E /* PreviewSampleData.swift in Sources */,
				B4A257DB2A9274A400D2C995 /* Array.swift in Sources */,
				B4E680352A899CBC008B1EAF /* HomeView.swift in Sources */,
				B4A257D12A8D3B1D00D2C995 /* CardContainer.swift in Sources */,
				B4E3C3D52A996E03006E9E75 /* Router.swift in Sources */,
				B4E680652A8ADB8B008B1EAF /* EditableFlashcard.swift in Sources */,
				B4E680612A8A891F008B1EAF /* FlashcardEditorView.swift in Sources */,
				B4A257CA2A8C452900D2C995 /* AddDeckFormView.swift in Sources */,
				B4E6803C2A899CBD008B1EAF /* FlashcardModels.swift in Sources */,
				B49EB9992A8BEE2900D94D6E /* FlashcardColor.swift in Sources */,
				B4E3C3D72A9FB99B006E9E75 /* View.swift in Sources */,
				B4599C422A9947CF00BEF51F /* FlashcardCarousel.swift in Sources */,
				B4A257CE2A8D1C6D00D2C995 /* FlashcardSide.swift in Sources */,
				B49EB99D2A8BF00F00D94D6E /* SampleDeck.swift in Sources */,
				B4A257C82A8C293600D2C995 /* FlashcardView.swift in Sources */,
				B4E3C3DB2AAA705B006E9E75 /* CategoriesScreen.swift in Sources */,
				B4E680332A899CBC008B1EAF /* FlashcardsApp.swift in Sources */,
				B4A257D92A8FDAC400D2C995 /* String.swift in Sources */,
				B4E680672A8ADCB7008B1EAF /* AddCategoryFormView.swift in Sources */,
			);
			runOnlyForDeploymentPostprocessing = 0;
		};
		B4E6803D2A899CBD008B1EAF /* Sources */ = {
			isa = PBXSourcesBuildPhase;
			buildActionMask = 2147483647;
			files = (
				B4E680462A899CBD008B1EAF /* FlashcardsTests.swift in Sources */,
			);
			runOnlyForDeploymentPostprocessing = 0;
		};
		B4E680472A899CBD008B1EAF /* Sources */ = {
			isa = PBXSourcesBuildPhase;
			buildActionMask = 2147483647;
			files = (
				B4E680502A899CBD008B1EAF /* FlashcardsUITests.swift in Sources */,
				B4E680522A899CBD008B1EAF /* FlashcardsUITestsLaunchTests.swift in Sources */,
			);
			runOnlyForDeploymentPostprocessing = 0;
		};
/* End PBXSourcesBuildPhase section */

/* Begin PBXTargetDependency section */
		B4E680432A899CBD008B1EAF /* PBXTargetDependency */ = {
			isa = PBXTargetDependency;
			target = B4E6802E2A899CBC008B1EAF /* Flashcards */;
			targetProxy = B4E680422A899CBD008B1EAF /* PBXContainerItemProxy */;
		};
		B4E6804D2A899CBD008B1EAF /* PBXTargetDependency */ = {
			isa = PBXTargetDependency;
			target = B4E6802E2A899CBC008B1EAF /* Flashcards */;
			targetProxy = B4E6804C2A899CBD008B1EAF /* PBXContainerItemProxy */;
		};
/* End PBXTargetDependency section */

/* Begin XCBuildConfiguration section */
		B4E680532A899CBD008B1EAF /* Debug */ = {
			isa = XCBuildConfiguration;
			buildSettings = {
				ALWAYS_SEARCH_USER_PATHS = NO;
				ASSETCATALOG_COMPILER_GENERATE_SWIFT_ASSET_SYMBOL_EXTENSIONS = YES;
				CLANG_ANALYZER_NONNULL = YES;
				CLANG_ANALYZER_NUMBER_OBJECT_CONVERSION = YES_AGGRESSIVE;
				CLANG_CXX_LANGUAGE_STANDARD = "gnu++20";
				CLANG_ENABLE_MODULES = YES;
				CLANG_ENABLE_OBJC_ARC = YES;
				CLANG_ENABLE_OBJC_WEAK = YES;
				CLANG_WARN_BLOCK_CAPTURE_AUTORELEASING = YES;
				CLANG_WARN_BOOL_CONVERSION = YES;
				CLANG_WARN_COMMA = YES;
				CLANG_WARN_CONSTANT_CONVERSION = YES;
				CLANG_WARN_DEPRECATED_OBJC_IMPLEMENTATIONS = YES;
				CLANG_WARN_DIRECT_OBJC_ISA_USAGE = YES_ERROR;
				CLANG_WARN_DOCUMENTATION_COMMENTS = YES;
				CLANG_WARN_EMPTY_BODY = YES;
				CLANG_WARN_ENUM_CONVERSION = YES;
				CLANG_WARN_INFINITE_RECURSION = YES;
				CLANG_WARN_INT_CONVERSION = YES;
				CLANG_WARN_NON_LITERAL_NULL_CONVERSION = YES;
				CLANG_WARN_OBJC_IMPLICIT_RETAIN_SELF = YES;
				CLANG_WARN_OBJC_LITERAL_CONVERSION = YES;
				CLANG_WARN_OBJC_ROOT_CLASS = YES_ERROR;
				CLANG_WARN_QUOTED_INCLUDE_IN_FRAMEWORK_HEADER = YES;
				CLANG_WARN_RANGE_LOOP_ANALYSIS = YES;
				CLANG_WARN_STRICT_PROTOTYPES = YES;
				CLANG_WARN_SUSPICIOUS_MOVE = YES;
				CLANG_WARN_UNGUARDED_AVAILABILITY = YES_AGGRESSIVE;
				CLANG_WARN_UNREACHABLE_CODE = YES;
				CLANG_WARN__DUPLICATE_METHOD_MATCH = YES;
				COPY_PHASE_STRIP = NO;
				DEBUG_INFORMATION_FORMAT = dwarf;
				ENABLE_STRICT_OBJC_MSGSEND = YES;
				ENABLE_TESTABILITY = YES;
				ENABLE_USER_SCRIPT_SANDBOXING = YES;
				GCC_C_LANGUAGE_STANDARD = gnu17;
				GCC_DYNAMIC_NO_PIC = NO;
				GCC_NO_COMMON_BLOCKS = YES;
				GCC_OPTIMIZATION_LEVEL = 0;
				GCC_PREPROCESSOR_DEFINITIONS = (
					"DEBUG=1",
					"$(inherited)",
				);
				GCC_WARN_64_TO_32_BIT_CONVERSION = YES;
				GCC_WARN_ABOUT_RETURN_TYPE = YES_ERROR;
				GCC_WARN_UNDECLARED_SELECTOR = YES;
				GCC_WARN_UNINITIALIZED_AUTOS = YES_AGGRESSIVE;
				GCC_WARN_UNUSED_FUNCTION = YES;
				GCC_WARN_UNUSED_VARIABLE = YES;
				IPHONEOS_DEPLOYMENT_TARGET = 17.0;
				LOCALIZATION_PREFERS_STRING_CATALOGS = YES;
				MTL_ENABLE_DEBUG_INFO = INCLUDE_SOURCE;
				MTL_FAST_MATH = YES;
				ONLY_ACTIVE_ARCH = YES;
				SDKROOT = iphoneos;
				SWIFT_ACTIVE_COMPILATION_CONDITIONS = "DEBUG $(inherited)";
				SWIFT_OPTIMIZATION_LEVEL = "-Onone";
			};
			name = Debug;
		};
		B4E680542A899CBD008B1EAF /* Release */ = {
			isa = XCBuildConfiguration;
			buildSettings = {
				ALWAYS_SEARCH_USER_PATHS = NO;
				ASSETCATALOG_COMPILER_GENERATE_SWIFT_ASSET_SYMBOL_EXTENSIONS = YES;
				CLANG_ANALYZER_NONNULL = YES;
				CLANG_ANALYZER_NUMBER_OBJECT_CONVERSION = YES_AGGRESSIVE;
				CLANG_CXX_LANGUAGE_STANDARD = "gnu++20";
				CLANG_ENABLE_MODULES = YES;
				CLANG_ENABLE_OBJC_ARC = YES;
				CLANG_ENABLE_OBJC_WEAK = YES;
				CLANG_WARN_BLOCK_CAPTURE_AUTORELEASING = YES;
				CLANG_WARN_BOOL_CONVERSION = YES;
				CLANG_WARN_COMMA = YES;
				CLANG_WARN_CONSTANT_CONVERSION = YES;
				CLANG_WARN_DEPRECATED_OBJC_IMPLEMENTATIONS = YES;
				CLANG_WARN_DIRECT_OBJC_ISA_USAGE = YES_ERROR;
				CLANG_WARN_DOCUMENTATION_COMMENTS = YES;
				CLANG_WARN_EMPTY_BODY = YES;
				CLANG_WARN_ENUM_CONVERSION = YES;
				CLANG_WARN_INFINITE_RECURSION = YES;
				CLANG_WARN_INT_CONVERSION = YES;
				CLANG_WARN_NON_LITERAL_NULL_CONVERSION = YES;
				CLANG_WARN_OBJC_IMPLICIT_RETAIN_SELF = YES;
				CLANG_WARN_OBJC_LITERAL_CONVERSION = YES;
				CLANG_WARN_OBJC_ROOT_CLASS = YES_ERROR;
				CLANG_WARN_QUOTED_INCLUDE_IN_FRAMEWORK_HEADER = YES;
				CLANG_WARN_RANGE_LOOP_ANALYSIS = YES;
				CLANG_WARN_STRICT_PROTOTYPES = YES;
				CLANG_WARN_SUSPICIOUS_MOVE = YES;
				CLANG_WARN_UNGUARDED_AVAILABILITY = YES_AGGRESSIVE;
				CLANG_WARN_UNREACHABLE_CODE = YES;
				CLANG_WARN__DUPLICATE_METHOD_MATCH = YES;
				COPY_PHASE_STRIP = NO;
				DEBUG_INFORMATION_FORMAT = "dwarf-with-dsym";
				ENABLE_NS_ASSERTIONS = NO;
				ENABLE_STRICT_OBJC_MSGSEND = YES;
				ENABLE_USER_SCRIPT_SANDBOXING = YES;
				GCC_C_LANGUAGE_STANDARD = gnu17;
				GCC_NO_COMMON_BLOCKS = YES;
				GCC_WARN_64_TO_32_BIT_CONVERSION = YES;
				GCC_WARN_ABOUT_RETURN_TYPE = YES_ERROR;
				GCC_WARN_UNDECLARED_SELECTOR = YES;
				GCC_WARN_UNINITIALIZED_AUTOS = YES_AGGRESSIVE;
				GCC_WARN_UNUSED_FUNCTION = YES;
				GCC_WARN_UNUSED_VARIABLE = YES;
				IPHONEOS_DEPLOYMENT_TARGET = 17.0;
				LOCALIZATION_PREFERS_STRING_CATALOGS = YES;
				MTL_ENABLE_DEBUG_INFO = NO;
				MTL_FAST_MATH = YES;
				SDKROOT = iphoneos;
				SWIFT_COMPILATION_MODE = wholemodule;
				VALIDATE_PRODUCT = YES;
			};
			name = Release;
		};
		B4E680562A899CBD008B1EAF /* Debug */ = {
			isa = XCBuildConfiguration;
			buildSettings = {
				ASSETCATALOG_COMPILER_APPICON_NAME = AppIcon;
				ASSETCATALOG_COMPILER_GLOBAL_ACCENT_COLOR_NAME = AccentColor;
				CODE_SIGN_STYLE = Automatic;
				CURRENT_PROJECT_VERSION = 1;
				DEVELOPMENT_ASSET_PATHS = "\"Flashcards/Preview Content\"";
				DEVELOPMENT_TEAM = U9M8KR7NN5;
				ENABLE_PREVIEWS = YES;
				GENERATE_INFOPLIST_FILE = YES;
				INFOPLIST_KEY_UIApplicationSceneManifest_Generation = YES;
				INFOPLIST_KEY_UIApplicationSupportsIndirectInputEvents = YES;
				INFOPLIST_KEY_UILaunchScreen_Generation = YES;
				INFOPLIST_KEY_UISupportedInterfaceOrientations_iPad = "UIInterfaceOrientationPortrait UIInterfaceOrientationPortraitUpsideDown UIInterfaceOrientationLandscapeLeft UIInterfaceOrientationLandscapeRight";
				INFOPLIST_KEY_UISupportedInterfaceOrientations_iPhone = "UIInterfaceOrientationPortrait UIInterfaceOrientationLandscapeLeft UIInterfaceOrientationLandscapeRight";
				LD_RUNPATH_SEARCH_PATHS = (
					"$(inherited)",
					"@executable_path/Frameworks",
				);
				MARKETING_VERSION = 1.0;
				PRODUCT_BUNDLE_IDENTIFIER = salva.Flashcards;
				PRODUCT_NAME = "$(TARGET_NAME)";
				SWIFT_EMIT_LOC_STRINGS = YES;
				SWIFT_VERSION = 5.0;
				TARGETED_DEVICE_FAMILY = "1,2";
			};
			name = Debug;
		};
		B4E680572A899CBD008B1EAF /* Release */ = {
			isa = XCBuildConfiguration;
			buildSettings = {
				ASSETCATALOG_COMPILER_APPICON_NAME = AppIcon;
				ASSETCATALOG_COMPILER_GLOBAL_ACCENT_COLOR_NAME = AccentColor;
				CODE_SIGN_STYLE = Automatic;
				CURRENT_PROJECT_VERSION = 1;
				DEVELOPMENT_ASSET_PATHS = "\"Flashcards/Preview Content\"";
				DEVELOPMENT_TEAM = U9M8KR7NN5;
				ENABLE_PREVIEWS = YES;
				GENERATE_INFOPLIST_FILE = YES;
				INFOPLIST_KEY_UIApplicationSceneManifest_Generation = YES;
				INFOPLIST_KEY_UIApplicationSupportsIndirectInputEvents = YES;
				INFOPLIST_KEY_UILaunchScreen_Generation = YES;
				INFOPLIST_KEY_UISupportedInterfaceOrientations_iPad = "UIInterfaceOrientationPortrait UIInterfaceOrientationPortraitUpsideDown UIInterfaceOrientationLandscapeLeft UIInterfaceOrientationLandscapeRight";
				INFOPLIST_KEY_UISupportedInterfaceOrientations_iPhone = "UIInterfaceOrientationPortrait UIInterfaceOrientationLandscapeLeft UIInterfaceOrientationLandscapeRight";
				LD_RUNPATH_SEARCH_PATHS = (
					"$(inherited)",
					"@executable_path/Frameworks",
				);
				MARKETING_VERSION = 1.0;
				PRODUCT_BUNDLE_IDENTIFIER = salva.Flashcards;
				PRODUCT_NAME = "$(TARGET_NAME)";
				SWIFT_EMIT_LOC_STRINGS = YES;
				SWIFT_VERSION = 5.0;
				TARGETED_DEVICE_FAMILY = "1,2";
			};
			name = Release;
		};
		B4E680592A899CBD008B1EAF /* Debug */ = {
			isa = XCBuildConfiguration;
			buildSettings = {
				ALWAYS_EMBED_SWIFT_STANDARD_LIBRARIES = YES;
				BUNDLE_LOADER = "$(TEST_HOST)";
				CODE_SIGN_STYLE = Automatic;
				CURRENT_PROJECT_VERSION = 1;
				DEVELOPMENT_TEAM = U9M8KR7NN5;
				GENERATE_INFOPLIST_FILE = YES;
				IPHONEOS_DEPLOYMENT_TARGET = 17.0;
				MARKETING_VERSION = 1.0;
				PRODUCT_BUNDLE_IDENTIFIER = salva.FlashcardsTests;
				PRODUCT_NAME = "$(TARGET_NAME)";
				SWIFT_EMIT_LOC_STRINGS = NO;
				SWIFT_VERSION = 5.0;
				TARGETED_DEVICE_FAMILY = "1,2";
				TEST_HOST = "$(BUILT_PRODUCTS_DIR)/Flashcards.app/$(BUNDLE_EXECUTABLE_FOLDER_PATH)/Flashcards";
			};
			name = Debug;
		};
		B4E6805A2A899CBD008B1EAF /* Release */ = {
			isa = XCBuildConfiguration;
			buildSettings = {
				ALWAYS_EMBED_SWIFT_STANDARD_LIBRARIES = YES;
				BUNDLE_LOADER = "$(TEST_HOST)";
				CODE_SIGN_STYLE = Automatic;
				CURRENT_PROJECT_VERSION = 1;
				DEVELOPMENT_TEAM = U9M8KR7NN5;
				GENERATE_INFOPLIST_FILE = YES;
				IPHONEOS_DEPLOYMENT_TARGET = 17.0;
				MARKETING_VERSION = 1.0;
				PRODUCT_BUNDLE_IDENTIFIER = salva.FlashcardsTests;
				PRODUCT_NAME = "$(TARGET_NAME)";
				SWIFT_EMIT_LOC_STRINGS = NO;
				SWIFT_VERSION = 5.0;
				TARGETED_DEVICE_FAMILY = "1,2";
				TEST_HOST = "$(BUILT_PRODUCTS_DIR)/Flashcards.app/$(BUNDLE_EXECUTABLE_FOLDER_PATH)/Flashcards";
			};
			name = Release;
		};
		B4E6805C2A899CBD008B1EAF /* Debug */ = {
			isa = XCBuildConfiguration;
			buildSettings = {
				ALWAYS_EMBED_SWIFT_STANDARD_LIBRARIES = YES;
				CODE_SIGN_STYLE = Automatic;
				CURRENT_PROJECT_VERSION = 1;
				DEVELOPMENT_TEAM = U9M8KR7NN5;
				GENERATE_INFOPLIST_FILE = YES;
				MARKETING_VERSION = 1.0;
				PRODUCT_BUNDLE_IDENTIFIER = salva.FlashcardsUITests;
				PRODUCT_NAME = "$(TARGET_NAME)";
				SWIFT_EMIT_LOC_STRINGS = NO;
				SWIFT_VERSION = 5.0;
				TARGETED_DEVICE_FAMILY = "1,2";
				TEST_TARGET_NAME = Flashcards;
			};
			name = Debug;
		};
		B4E6805D2A899CBD008B1EAF /* Release */ = {
			isa = XCBuildConfiguration;
			buildSettings = {
				ALWAYS_EMBED_SWIFT_STANDARD_LIBRARIES = YES;
				CODE_SIGN_STYLE = Automatic;
				CURRENT_PROJECT_VERSION = 1;
				DEVELOPMENT_TEAM = U9M8KR7NN5;
				GENERATE_INFOPLIST_FILE = YES;
				MARKETING_VERSION = 1.0;
				PRODUCT_BUNDLE_IDENTIFIER = salva.FlashcardsUITests;
				PRODUCT_NAME = "$(TARGET_NAME)";
				SWIFT_EMIT_LOC_STRINGS = NO;
				SWIFT_VERSION = 5.0;
				TARGETED_DEVICE_FAMILY = "1,2";
				TEST_TARGET_NAME = Flashcards;
			};
			name = Release;
		};
/* End XCBuildConfiguration section */

/* Begin XCConfigurationList section */
		B4E6802A2A899CBC008B1EAF /* Build configuration list for PBXProject "Flashcards" */ = {
			isa = XCConfigurationList;
			buildConfigurations = (
				B4E680532A899CBD008B1EAF /* Debug */,
				B4E680542A899CBD008B1EAF /* Release */,
			);
			defaultConfigurationIsVisible = 0;
			defaultConfigurationName = Release;
		};
		B4E680552A899CBD008B1EAF /* Build configuration list for PBXNativeTarget "Flashcards" */ = {
			isa = XCConfigurationList;
			buildConfigurations = (
				B4E680562A899CBD008B1EAF /* Debug */,
				B4E680572A899CBD008B1EAF /* Release */,
			);
			defaultConfigurationIsVisible = 0;
			defaultConfigurationName = Release;
		};
		B4E680582A899CBD008B1EAF /* Build configuration list for PBXNativeTarget "FlashcardsTests" */ = {
			isa = XCConfigurationList;
			buildConfigurations = (
				B4E680592A899CBD008B1EAF /* Debug */,
				B4E6805A2A899CBD008B1EAF /* Release */,
			);
			defaultConfigurationIsVisible = 0;
			defaultConfigurationName = Release;
		};
		B4E6805B2A899CBD008B1EAF /* Build configuration list for PBXNativeTarget "FlashcardsUITests" */ = {
			isa = XCConfigurationList;
			buildConfigurations = (
				B4E6805C2A899CBD008B1EAF /* Debug */,
				B4E6805D2A899CBD008B1EAF /* Release */,
			);
			defaultConfigurationIsVisible = 0;
			defaultConfigurationName = Release;
		};
/* End XCConfigurationList section */
	};
	rootObject = B4E680272A899CBC008B1EAF /* Project object */;
}
